PODS:
  - CocoaAsyncSocket (7.6.5)
  - Flutter (1.0.0)
  - flutter_core (0.0.1):
    - Flutter
    - Kingfisher
  - flutter_localization (0.0.1):
    - Flutter
  - Kingfisher (8.8.1)
  - patrol (0.0.1):
    - CocoaAsyncSocket (~> 7.6)
    - Flutter
    - FlutterMacOS
  - permission_handler_apple (9.3.0):
    - Flutter

DEPENDENCIES:
  - Flutter (from `Flutter`)
  - flutter_core (from `.symlinks/plugins/flutter_core/ios`)
  - flutter_localization (from `.symlinks/plugins/flutter_localization/ios`)
  - patrol (from `.symlinks/plugins/patrol/darwin`)
  - permission_handler_apple (from `.symlinks/plugins/permission_handler_apple/ios`)

SPEC REPOS:
  trunk:
    - CocoaAsyncSocket
    - Kingfisher

EXTERNAL SOURCES:
  Flutter:
    :path: Flutter
  flutter_core:
    :path: ".symlinks/plugins/flutter_core/ios"
  flutter_localization:
    :path: ".symlinks/plugins/flutter_localization/ios"
  patrol:
    :path: ".symlinks/plugins/patrol/darwin"
  permission_handler_apple:
    :path: ".symlinks/plugins/permission_handler_apple/ios"

SPEC CHECKSUMS:
  CocoaAsyncSocket: 065fd1e645c7abab64f7a6a2007a48038fdc6a99
  Flutter: cabc95a1d2626b1b06e7179b784ebcf0c0cde467
  flutter_core: 33a41c0bdf6b999d27f674f41879124e69d5d7cb
  flutter_localization: 72299fb6cb4e51cae587bd953ed0b958040b71e6
  Kingfisher: b6c16059112dd6bdadf3d7ae01472ea1ef01a6b8
  patrol: 5df5d241d7f95f0df12a6906bbf45acb43a1e537
  permission_handler_apple: 4ed2196e43d0651e8ff7ca3483a069d469701f2d

PODFILE CHECKSUM: c5972aa18678505394ae3148acfbc385b1ec3e35

COCOAPODS: 1.16.2
