PODS:
  - app_settings (5.1.1):
    - Flutter
  - CocoaAsyncSocket (7.6.5)
  - device_info_plus (0.0.1):
    - Flutter
  - Firebase/CoreOnly (11.2.0):
    - FirebaseCore (= 11.2.0)
  - Firebase/RemoteConfig (11.2.0):
    - Firebase/CoreOnly
    - FirebaseRemoteConfig (~> 11.2.0)
  - firebase_core (3.6.0):
    - Firebase/CoreOnly (= 11.2.0)
    - Flutter
  - firebase_remote_config (5.1.3):
    - Firebase/RemoteConfig (= 11.2.0)
    - firebase_core
    - Flutter
  - FirebaseABTesting (11.4.0):
    - FirebaseCore (~> 11.0)
  - FirebaseCore (11.2.0):
    - FirebaseCoreInternal (~> 11.0)
    - GoogleUtilities/Environment (~> 8.0)
    - GoogleUtilities/Logger (~> 8.0)
  - FirebaseCoreInternal (11.4.2):
    - "GoogleUtilities/NSData+zlib (~> 8.0)"
  - FirebaseInstallations (11.4.0):
    - FirebaseCore (~> 11.0)
    - GoogleUtilities/Environment (~> 8.0)
    - GoogleUtilities/UserDefaults (~> 8.0)
    - PromisesObjC (~> 2.4)
  - FirebaseRemoteConfig (11.2.0):
    - FirebaseABTesting (~> 11.0)
    - FirebaseCore (~> 11.0)
    - FirebaseInstallations (~> 11.0)
    - FirebaseRemoteConfigInterop (~> 11.0)
    - FirebaseSharedSwift (~> 11.0)
    - GoogleUtilities/Environment (~> 8.0)
    - "GoogleUtilities/NSData+zlib (~> 8.0)"
  - FirebaseRemoteConfigInterop (11.4.0)
  - FirebaseSharedSwift (11.4.0)
  - Flutter (1.0.0)
  - flutter_core (0.0.1):
    - Flutter
  - flutter_localization (0.0.1):
    - Flutter
  - GoogleUtilities/Environment (8.0.2):
    - GoogleUtilities/Privacy
  - GoogleUtilities/Logger (8.0.2):
    - GoogleUtilities/Environment
    - GoogleUtilities/Privacy
  - "GoogleUtilities/NSData+zlib (8.0.2)":
    - GoogleUtilities/Privacy
  - GoogleUtilities/Privacy (8.0.2)
  - GoogleUtilities/UserDefaults (8.0.2):
    - GoogleUtilities/Logger
    - GoogleUtilities/Privacy
  - integration_test (0.0.1):
    - Flutter
  - package_info_plus (0.4.5):
    - Flutter
  - path_provider_foundation (0.0.1):
    - Flutter
    - FlutterMacOS
  - patrol (0.0.1):
    - CocoaAsyncSocket (~> 7.6)
    - Flutter
    - FlutterMacOS
  - permission_handler_apple (9.3.0):
    - Flutter
  - PromisesObjC (2.4.0)
  - share_plus (0.0.1):
    - Flutter
  - shared_preferences_foundation (0.0.1):
    - Flutter
    - FlutterMacOS
  - sqflite_darwin (0.0.4):
    - Flutter
    - FlutterMacOS
  - url_launcher_ios (0.0.1):
    - Flutter

DEPENDENCIES:
  - app_settings (from `.symlinks/plugins/app_settings/ios`)
  - device_info_plus (from `.symlinks/plugins/device_info_plus/ios`)
  - firebase_core (from `.symlinks/plugins/firebase_core/ios`)
  - firebase_remote_config (from `.symlinks/plugins/firebase_remote_config/ios`)
  - Flutter (from `Flutter`)
  - flutter_core (from `.symlinks/plugins/flutter_core/ios`)
  - flutter_localization (from `.symlinks/plugins/flutter_localization/ios`)
  - integration_test (from `.symlinks/plugins/integration_test/ios`)
  - package_info_plus (from `.symlinks/plugins/package_info_plus/ios`)
  - path_provider_foundation (from `.symlinks/plugins/path_provider_foundation/darwin`)
  - patrol (from `.symlinks/plugins/patrol/darwin`)
  - permission_handler_apple (from `.symlinks/plugins/permission_handler_apple/ios`)
  - share_plus (from `.symlinks/plugins/share_plus/ios`)
  - shared_preferences_foundation (from `.symlinks/plugins/shared_preferences_foundation/darwin`)
  - sqflite_darwin (from `.symlinks/plugins/sqflite_darwin/darwin`)
  - url_launcher_ios (from `.symlinks/plugins/url_launcher_ios/ios`)

SPEC REPOS:
  trunk:
    - CocoaAsyncSocket
    - Firebase
    - FirebaseABTesting
    - FirebaseCore
    - FirebaseCoreInternal
    - FirebaseInstallations
    - FirebaseRemoteConfig
    - FirebaseRemoteConfigInterop
    - FirebaseSharedSwift
    - GoogleUtilities
    - PromisesObjC

EXTERNAL SOURCES:
  app_settings:
    :path: ".symlinks/plugins/app_settings/ios"
  device_info_plus:
    :path: ".symlinks/plugins/device_info_plus/ios"
  firebase_core:
    :path: ".symlinks/plugins/firebase_core/ios"
  firebase_remote_config:
    :path: ".symlinks/plugins/firebase_remote_config/ios"
  Flutter:
    :path: Flutter
  flutter_core:
    :path: ".symlinks/plugins/flutter_core/ios"
  flutter_localization:
    :path: ".symlinks/plugins/flutter_localization/ios"
  integration_test:
    :path: ".symlinks/plugins/integration_test/ios"
  package_info_plus:
    :path: ".symlinks/plugins/package_info_plus/ios"
  path_provider_foundation:
    :path: ".symlinks/plugins/path_provider_foundation/darwin"
  patrol:
    :path: ".symlinks/plugins/patrol/darwin"
  permission_handler_apple:
    :path: ".symlinks/plugins/permission_handler_apple/ios"
  share_plus:
    :path: ".symlinks/plugins/share_plus/ios"
  shared_preferences_foundation:
    :path: ".symlinks/plugins/shared_preferences_foundation/darwin"
  sqflite_darwin:
    :path: ".symlinks/plugins/sqflite_darwin/darwin"
  url_launcher_ios:
    :path: ".symlinks/plugins/url_launcher_ios/ios"

SPEC CHECKSUMS:
  app_settings: 5127ae0678de1dcc19f2293271c51d37c89428b2
  CocoaAsyncSocket: 065fd1e645c7abab64f7a6a2007a48038fdc6a99
  device_info_plus: 71ffc6ab7634ade6267c7a93088ed7e4f74e5896
  Firebase: 98e6bf5278170668a7983e12971a66b2cd57fc8c
  firebase_core: 085320ddfaacb80d1a96eac3a87857afcc150db1
  firebase_remote_config: 4dae364623eacf1bc7822d318b1ebf08ba604c68
  FirebaseABTesting: aef1719704fade00b200827e7973f352efc4caee
  FirebaseCore: a282032ae9295c795714ded2ec9c522fc237f8da
  FirebaseCoreInternal: 35731192cab10797b88411be84940d2beb33a238
  FirebaseInstallations: 6ef4a1c7eb2a61ee1f74727d7f6ce2e72acf1414
  FirebaseRemoteConfig: fca0b2d017fc1de52b28a4e5bcf2007c1a840457
  FirebaseRemoteConfigInterop: e76f46ffa4d6a65e273d4dfebb6a79e588cec136
  FirebaseSharedSwift: 505dae2d05969dbf6d43749a642bb1bf230f0252
  Flutter: e0871f40cf51350855a761d2e70bf5af5b9b5de7
  flutter_core: c59d0284686a47e3412e73aa773388e25e858eeb
  flutter_localization: 72299fb6cb4e51cae587bd953ed0b958040b71e6
  GoogleUtilities: 26a3abef001b6533cf678d3eb38fd3f614b7872d
  integration_test: 4a889634ef21a45d28d50d622cf412dc6d9f586e
  package_info_plus: 580e9a5f1b6ca5594e7c9ed5f92d1dfb2a66b5e1
  path_provider_foundation: 080d55be775b7414fd5a5ef3ac137b97b097e564
  patrol: dd82ffedfee3aba87c1d0ed2daad0b77bfb8ee1f
  permission_handler_apple: 4ed2196e43d0651e8ff7ca3483a069d469701f2d
  PromisesObjC: f5707f49cb48b9636751c5b2e7d227e43fba9f47
  share_plus: 011d6fb4f9d2576b83179a3a5c5e323202cdabcf
  shared_preferences_foundation: 9e1978ff2562383bd5676f64ec4e9aa8fa06a6f7
  sqflite_darwin: 44bb54cc302bff1fbe5752293aba1820b157cf1c
  url_launcher_ios: 694010445543906933d732453a59da0a173ae33d

PODFILE CHECKSUM: 64c6b50a5977b131be1554208add1f8f2de84d5d

COCOAPODS: 1.16.2
